
Microsoft Visual Studio Solution File, Format Version 12.00
#
Project("{2150E333-8FDC-42A3-9474-1A3956D46DE8}") = "src", "src", "{74F208CD-106C-4884-9A7F-30822F95C275}"
EndProject
Project("{FAE04EC0-301F-11D3-BF4B-00C04F79EFBC}") = "Day01", "src\Day01\Day01.csproj", "{E250271A-069F-4E66-A407-36CFEBBF5746}"
EndProject
Project("{FAE04EC0-301F-11D3-BF4B-00C04F79EFBC}") = "Day02", "src\Day02\Day02.csproj", "{7A0D09D4-9477-4C28-B8F5-850A98C2EE49}"
EndProject
Project("{FAE04EC0-301F-11D3-BF4B-00C04F79EFBC}") = "Day03", "src\Day03\Day03.csproj", "{E71E4D2B-4D84-482C-A5B9-5B53618E6B6D}"
EndProject
Project("{FAE04EC0-301F-11D3-BF4B-00C04F79EFBC}") = "Day04", "src\Day04\Day04.csproj", "{F961D0C0-FA12-4051-A7B9-E8EC6FFDAEF6}"
EndProject
Project("{FAE04EC0-301F-11D3-BF4B-00C04F79EFBC}") = "Day05", "src\Day05\Day05.csproj", "{34CCC0F0-ED84-42F9-9A07-E47B6B59FFA3}"
EndProject
Project("{FAE04EC0-301F-11D3-BF4B-00C04F79EFBC}") = "Day06", "src\Day06\Day06.csproj", "{E932A081-C573-4194-8442-CE57D6E93856}"
EndProject
Project("{FAE04EC0-301F-11D3-BF4B-00C04F79EFBC}") = "Day07", "src\Day07\Day07.csproj", "{E7398AE1-AE40-4969-8593-17BBCF6308DA}"
EndProject
Project("{FAE04EC0-301F-11D3-BF4B-00C04F79EFBC}") = "Day08", "src\Day08\Day08.csproj", "{33A03824-F0E2-430B-A317-CD3A4BC48BAA}"
EndProject
Project("{FAE04EC0-301F-11D3-BF4B-00C04F79EFBC}") = "Day09", "src\Day09\Day09.csproj", "{A9B551E2-1017-4C7D-8B67-96F8D2CEC308}"
EndProject
Project("{FAE04EC0-301F-11D3-BF4B-00C04F79EFBC}") = "Day10", "src\Day10\Day10.csproj", "{8E85B557-FFFF-4029-A2F7-9F2C6518E8F4}"
EndProject
Project("{FAE04EC0-301F-11D3-BF4B-00C04F79EFBC}") = "Common", "src\Common\Common.csproj", "{04CC3A63-7ECA-4759-B638-10B472E6FAAC}"
EndProject
Project("{FAE04EC0-301F-11D3-BF4B-00C04F79EFBC}") = "Day11", "src\Day11\Day11.csproj", "{7170E2FC-B0C7-4EF5-9D74-DCC24131F00C}"
EndProject
Project("{FAE04EC0-301F-11D3-BF4B-00C04F79EFBC}") = "Day13", "src\Day13\Day13.csproj", "{26C34A43-E403-4123-85D8-A6986E3E042E}"
EndProject
Project("{FAE04EC0-301F-11D3-BF4B-00C04F79EFBC}") = "Day12", "src\Day12\Day12.csproj", "{EF843AF4-E0DA-419F-9193-FE580568505D}"
EndProject
Project("{FAE04EC0-301F-11D3-BF4B-00C04F79EFBC}") = "Day14", "src\Day14\Day14.csproj", "{C4CE1284-46B4-451A-8D93-0E36F047F08B}"
EndProject
Global
	GlobalSection(SolutionConfigurationPlatforms) = preSolution
		Debug|Any CPU = Debug|Any CPU
		Debug|x64 = Debug|x64
		Debug|x86 = Debug|x86
		Release|Any CPU = Release|Any CPU
		Release|x64 = Release|x64
		Release|x86 = Release|x86
	EndGlobalSection
	GlobalSection(ProjectConfigurationPlatforms) = postSolution
		{E250271A-069F-4E66-A407-36CFEBBF5746}.Debug|Any CPU.ActiveCfg = Debug|Any CPU
		{E250271A-069F-4E66-A407-36CFEBBF5746}.Debug|Any CPU.Build.0 = Debug|Any CPU
		{E250271A-069F-4E66-A407-36CFEBBF5746}.Debug|x64.ActiveCfg = Debug|Any CPU
		{E250271A-069F-4E66-A407-36CFEBBF5746}.Debug|x64.Build.0 = Debug|Any CPU
		{E250271A-069F-4E66-A407-36CFEBBF5746}.Debug|x86.ActiveCfg = Debug|Any CPU
		{E250271A-069F-4E66-A407-36CFEBBF5746}.Debug|x86.Build.0 = Debug|Any CPU
		{E250271A-069F-4E66-A407-36CFEBBF5746}.Release|Any CPU.ActiveCfg = Release|Any CPU
		{E250271A-069F-4E66-A407-36CFEBBF5746}.Release|Any CPU.Build.0 = Release|Any CPU
		{E250271A-069F-4E66-A407-36CFEBBF5746}.Release|x64.ActiveCfg = Release|Any CPU
		{E250271A-069F-4E66-A407-36CFEBBF5746}.Release|x64.Build.0 = Release|Any CPU
		{E250271A-069F-4E66-A407-36CFEBBF5746}.Release|x86.ActiveCfg = Release|Any CPU
		{E250271A-069F-4E66-A407-36CFEBBF5746}.Release|x86.Build.0 = Release|Any CPU
		{7A0D09D4-9477-4C28-B8F5-850A98C2EE49}.Debug|Any CPU.ActiveCfg = Debug|Any CPU
		{7A0D09D4-9477-4C28-B8F5-850A98C2EE49}.Debug|Any CPU.Build.0 = Debug|Any CPU
		{7A0D09D4-9477-4C28-B8F5-850A98C2EE49}.Debug|x64.ActiveCfg = Debug|Any CPU
		{7A0D09D4-9477-4C28-B8F5-850A98C2EE49}.Debug|x64.Build.0 = Debug|Any CPU
		{7A0D09D4-9477-4C28-B8F5-850A98C2EE49}.Debug|x86.ActiveCfg = Debug|Any CPU
		{7A0D09D4-9477-4C28-B8F5-850A98C2EE49}.Debug|x86.Build.0 = Debug|Any CPU
		{7A0D09D4-9477-4C28-B8F5-850A98C2EE49}.Release|Any CPU.ActiveCfg = Release|Any CPU
		{7A0D09D4-9477-4C28-B8F5-850A98C2EE49}.Release|Any CPU.Build.0 = Release|Any CPU
		{7A0D09D4-9477-4C28-B8F5-850A98C2EE49}.Release|x64.ActiveCfg = Release|Any CPU
		{7A0D09D4-9477-4C28-B8F5-850A98C2EE49}.Release|x64.Build.0 = Release|Any CPU
		{7A0D09D4-9477-4C28-B8F5-850A98C2EE49}.Release|x86.ActiveCfg = Release|Any CPU
		{7A0D09D4-9477-4C28-B8F5-850A98C2EE49}.Release|x86.Build.0 = Release|Any CPU
		{E71E4D2B-4D84-482C-A5B9-5B53618E6B6D}.Debug|Any CPU.ActiveCfg = Debug|Any CPU
		{E71E4D2B-4D84-482C-A5B9-5B53618E6B6D}.Debug|Any CPU.Build.0 = Debug|Any CPU
		{E71E4D2B-4D84-482C-A5B9-5B53618E6B6D}.Debug|x64.ActiveCfg = Debug|Any CPU
		{E71E4D2B-4D84-482C-A5B9-5B53618E6B6D}.Debug|x64.Build.0 = Debug|Any CPU
		{E71E4D2B-4D84-482C-A5B9-5B53618E6B6D}.Debug|x86.ActiveCfg = Debug|Any CPU
		{E71E4D2B-4D84-482C-A5B9-5B53618E6B6D}.Debug|x86.Build.0 = Debug|Any CPU
		{E71E4D2B-4D84-482C-A5B9-5B53618E6B6D}.Release|Any CPU.ActiveCfg = Release|Any CPU
		{E71E4D2B-4D84-482C-A5B9-5B53618E6B6D}.Release|Any CPU.Build.0 = Release|Any CPU
		{E71E4D2B-4D84-482C-A5B9-5B53618E6B6D}.Release|x64.ActiveCfg = Release|Any CPU
		{E71E4D2B-4D84-482C-A5B9-5B53618E6B6D}.Release|x64.Build.0 = Release|Any CPU
		{E71E4D2B-4D84-482C-A5B9-5B53618E6B6D}.Release|x86.ActiveCfg = Release|Any CPU
		{E71E4D2B-4D84-482C-A5B9-5B53618E6B6D}.Release|x86.Build.0 = Release|Any CPU
		{F961D0C0-FA12-4051-A7B9-E8EC6FFDAEF6}.Debug|Any CPU.ActiveCfg = Debug|Any CPU
		{F961D0C0-FA12-4051-A7B9-E8EC6FFDAEF6}.Debug|Any CPU.Build.0 = Debug|Any CPU
		{F961D0C0-FA12-4051-A7B9-E8EC6FFDAEF6}.Debug|x64.ActiveCfg = Debug|Any CPU
		{F961D0C0-FA12-4051-A7B9-E8EC6FFDAEF6}.Debug|x64.Build.0 = Debug|Any CPU
		{F961D0C0-FA12-4051-A7B9-E8EC6FFDAEF6}.Debug|x86.ActiveCfg = Debug|Any CPU
		{F961D0C0-FA12-4051-A7B9-E8EC6FFDAEF6}.Debug|x86.Build.0 = Debug|Any CPU
		{F961D0C0-FA12-4051-A7B9-E8EC6FFDAEF6}.Release|Any CPU.ActiveCfg = Release|Any CPU
		{F961D0C0-FA12-4051-A7B9-E8EC6FFDAEF6}.Release|Any CPU.Build.0 = Release|Any CPU
		{F961D0C0-FA12-4051-A7B9-E8EC6FFDAEF6}.Release|x64.ActiveCfg = Release|Any CPU
		{F961D0C0-FA12-4051-A7B9-E8EC6FFDAEF6}.Release|x64.Build.0 = Release|Any CPU
		{F961D0C0-FA12-4051-A7B9-E8EC6FFDAEF6}.Release|x86.ActiveCfg = Release|Any CPU
		{F961D0C0-FA12-4051-A7B9-E8EC6FFDAEF6}.Release|x86.Build.0 = Release|Any CPU
		{34CCC0F0-ED84-42F9-9A07-E47B6B59FFA3}.Debug|Any CPU.ActiveCfg = Debug|Any CPU
		{34CCC0F0-ED84-42F9-9A07-E47B6B59FFA3}.Debug|Any CPU.Build.0 = Debug|Any CPU
		{34CCC0F0-ED84-42F9-9A07-E47B6B59FFA3}.Debug|x64.ActiveCfg = Debug|Any CPU
		{34CCC0F0-ED84-42F9-9A07-E47B6B59FFA3}.Debug|x64.Build.0 = Debug|Any CPU
		{34CCC0F0-ED84-42F9-9A07-E47B6B59FFA3}.Debug|x86.ActiveCfg = Debug|Any CPU
		{34CCC0F0-ED84-42F9-9A07-E47B6B59FFA3}.Debug|x86.Build.0 = Debug|Any CPU
		{34CCC0F0-ED84-42F9-9A07-E47B6B59FFA3}.Release|Any CPU.ActiveCfg = Release|Any CPU
		{34CCC0F0-ED84-42F9-9A07-E47B6B59FFA3}.Release|Any CPU.Build.0 = Release|Any CPU
		{34CCC0F0-ED84-42F9-9A07-E47B6B59FFA3}.Release|x64.ActiveCfg = Release|Any CPU
		{34CCC0F0-ED84-42F9-9A07-E47B6B59FFA3}.Release|x64.Build.0 = Release|Any CPU
		{34CCC0F0-ED84-42F9-9A07-E47B6B59FFA3}.Release|x86.ActiveCfg = Release|Any CPU
		{34CCC0F0-ED84-42F9-9A07-E47B6B59FFA3}.Release|x86.Build.0 = Release|Any CPU
		{E932A081-C573-4194-8442-CE57D6E93856}.Debug|Any CPU.ActiveCfg = Debug|Any CPU
		{E932A081-C573-4194-8442-CE57D6E93856}.Debug|Any CPU.Build.0 = Debug|Any CPU
		{E932A081-C573-4194-8442-CE57D6E93856}.Debug|x64.ActiveCfg = Debug|Any CPU
		{E932A081-C573-4194-8442-CE57D6E93856}.Debug|x64.Build.0 = Debug|Any CPU
		{E932A081-C573-4194-8442-CE57D6E93856}.Debug|x86.ActiveCfg = Debug|Any CPU
		{E932A081-C573-4194-8442-CE57D6E93856}.Debug|x86.Build.0 = Debug|Any CPU
		{E932A081-C573-4194-8442-CE57D6E93856}.Release|Any CPU.ActiveCfg = Release|Any CPU
		{E932A081-C573-4194-8442-CE57D6E93856}.Release|Any CPU.Build.0 = Release|Any CPU
		{E932A081-C573-4194-8442-CE57D6E93856}.Release|x64.ActiveCfg = Release|Any CPU
		{E932A081-C573-4194-8442-CE57D6E93856}.Release|x64.Build.0 = Release|Any CPU
		{E932A081-C573-4194-8442-CE57D6E93856}.Release|x86.ActiveCfg = Release|Any CPU
		{E932A081-C573-4194-8442-CE57D6E93856}.Release|x86.Build.0 = Release|Any CPU
		{E7398AE1-AE40-4969-8593-17BBCF6308DA}.Debug|Any CPU.ActiveCfg = Debug|Any CPU
		{E7398AE1-AE40-4969-8593-17BBCF6308DA}.Debug|Any CPU.Build.0 = Debug|Any CPU
		{E7398AE1-AE40-4969-8593-17BBCF6308DA}.Debug|x64.ActiveCfg = Debug|Any CPU
		{E7398AE1-AE40-4969-8593-17BBCF6308DA}.Debug|x64.Build.0 = Debug|Any CPU
		{E7398AE1-AE40-4969-8593-17BBCF6308DA}.Debug|x86.ActiveCfg = Debug|Any CPU
		{E7398AE1-AE40-4969-8593-17BBCF6308DA}.Debug|x86.Build.0 = Debug|Any CPU
		{E7398AE1-AE40-4969-8593-17BBCF6308DA}.Release|Any CPU.ActiveCfg = Release|Any CPU
		{E7398AE1-AE40-4969-8593-17BBCF6308DA}.Release|Any CPU.Build.0 = Release|Any CPU
		{E7398AE1-AE40-4969-8593-17BBCF6308DA}.Release|x64.ActiveCfg = Release|Any CPU
		{E7398AE1-AE40-4969-8593-17BBCF6308DA}.Release|x64.Build.0 = Release|Any CPU
		{E7398AE1-AE40-4969-8593-17BBCF6308DA}.Release|x86.ActiveCfg = Release|Any CPU
		{E7398AE1-AE40-4969-8593-17BBCF6308DA}.Release|x86.Build.0 = Release|Any CPU
		{33A03824-F0E2-430B-A317-CD3A4BC48BAA}.Debug|Any CPU.ActiveCfg = Debug|Any CPU
		{33A03824-F0E2-430B-A317-CD3A4BC48BAA}.Debug|Any CPU.Build.0 = Debug|Any CPU
		{33A03824-F0E2-430B-A317-CD3A4BC48BAA}.Debug|x64.ActiveCfg = Debug|Any CPU
		{33A03824-F0E2-430B-A317-CD3A4BC48BAA}.Debug|x64.Build.0 = Debug|Any CPU
		{33A03824-F0E2-430B-A317-CD3A4BC48BAA}.Debug|x86.ActiveCfg = Debug|Any CPU
		{33A03824-F0E2-430B-A317-CD3A4BC48BAA}.Debug|x86.Build.0 = Debug|Any CPU
		{33A03824-F0E2-430B-A317-CD3A4BC48BAA}.Release|Any CPU.ActiveCfg = Release|Any CPU
		{33A03824-F0E2-430B-A317-CD3A4BC48BAA}.Release|Any CPU.Build.0 = Release|Any CPU
		{33A03824-F0E2-430B-A317-CD3A4BC48BAA}.Release|x64.ActiveCfg = Release|Any CPU
		{33A03824-F0E2-430B-A317-CD3A4BC48BAA}.Release|x64.Build.0 = Release|Any CPU
		{33A03824-F0E2-430B-A317-CD3A4BC48BAA}.Release|x86.ActiveCfg = Release|Any CPU
		{33A03824-F0E2-430B-A317-CD3A4BC48BAA}.Release|x86.Build.0 = Release|Any CPU
		{A9B551E2-1017-4C7D-8B67-96F8D2CEC308}.Debug|Any CPU.ActiveCfg = Debug|Any CPU
		{A9B551E2-1017-4C7D-8B67-96F8D2CEC308}.Debug|Any CPU.Build.0 = Debug|Any CPU
		{A9B551E2-1017-4C7D-8B67-96F8D2CEC308}.Debug|x64.ActiveCfg = Debug|Any CPU
		{A9B551E2-1017-4C7D-8B67-96F8D2CEC308}.Debug|x64.Build.0 = Debug|Any CPU
		{A9B551E2-1017-4C7D-8B67-96F8D2CEC308}.Debug|x86.ActiveCfg = Debug|Any CPU
		{A9B551E2-1017-4C7D-8B67-96F8D2CEC308}.Debug|x86.Build.0 = Debug|Any CPU
		{A9B551E2-1017-4C7D-8B67-96F8D2CEC308}.Release|Any CPU.ActiveCfg = Release|Any CPU
		{A9B551E2-1017-4C7D-8B67-96F8D2CEC308}.Release|Any CPU.Build.0 = Release|Any CPU
		{A9B551E2-1017-4C7D-8B67-96F8D2CEC308}.Release|x64.ActiveCfg = Release|Any CPU
		{A9B551E2-1017-4C7D-8B67-96F8D2CEC308}.Release|x64.Build.0 = Release|Any CPU
		{A9B551E2-1017-4C7D-8B67-96F8D2CEC308}.Release|x86.ActiveCfg = Release|Any CPU
		{A9B551E2-1017-4C7D-8B67-96F8D2CEC308}.Release|x86.Build.0 = Release|Any CPU
		{8E85B557-FFFF-4029-A2F7-9F2C6518E8F4}.Debug|Any CPU.ActiveCfg = Debug|Any CPU
		{8E85B557-FFFF-4029-A2F7-9F2C6518E8F4}.Debug|Any CPU.Build.0 = Debug|Any CPU
		{8E85B557-FFFF-4029-A2F7-9F2C6518E8F4}.Debug|x64.ActiveCfg = Debug|Any CPU
		{8E85B557-FFFF-4029-A2F7-9F2C6518E8F4}.Debug|x64.Build.0 = Debug|Any CPU
		{8E85B557-FFFF-4029-A2F7-9F2C6518E8F4}.Debug|x86.ActiveCfg = Debug|Any CPU
		{8E85B557-FFFF-4029-A2F7-9F2C6518E8F4}.Debug|x86.Build.0 = Debug|Any CPU
		{8E85B557-FFFF-4029-A2F7-9F2C6518E8F4}.Release|Any CPU.ActiveCfg = Release|Any CPU
		{8E85B557-FFFF-4029-A2F7-9F2C6518E8F4}.Release|Any CPU.Build.0 = Release|Any CPU
		{8E85B557-FFFF-4029-A2F7-9F2C6518E8F4}.Release|x64.ActiveCfg = Release|Any CPU
		{8E85B557-FFFF-4029-A2F7-9F2C6518E8F4}.Release|x64.Build.0 = Release|Any CPU
		{8E85B557-FFFF-4029-A2F7-9F2C6518E8F4}.Release|x86.ActiveCfg = Release|Any CPU
		{8E85B557-FFFF-4029-A2F7-9F2C6518E8F4}.Release|x86.Build.0 = Release|Any CPU
		{04CC3A63-7ECA-4759-B638-10B472E6FAAC}.Debug|Any CPU.ActiveCfg = Debug|Any CPU
		{04CC3A63-7ECA-4759-B638-10B472E6FAAC}.Debug|Any CPU.Build.0 = Debug|Any CPU
		{04CC3A63-7ECA-4759-B638-10B472E6FAAC}.Debug|x64.ActiveCfg = Debug|Any CPU
		{04CC3A63-7ECA-4759-B638-10B472E6FAAC}.Debug|x64.Build.0 = Debug|Any CPU
		{04CC3A63-7ECA-4759-B638-10B472E6FAAC}.Debug|x86.ActiveCfg = Debug|Any CPU
		{04CC3A63-7ECA-4759-B638-10B472E6FAAC}.Debug|x86.Build.0 = Debug|Any CPU
		{04CC3A63-7ECA-4759-B638-10B472E6FAAC}.Release|Any CPU.ActiveCfg = Release|Any CPU
		{04CC3A63-7ECA-4759-B638-10B472E6FAAC}.Release|Any CPU.Build.0 = Release|Any CPU
		{04CC3A63-7ECA-4759-B638-10B472E6FAAC}.Release|x64.ActiveCfg = Release|Any CPU
		{04CC3A63-7ECA-4759-B638-10B472E6FAAC}.Release|x64.Build.0 = Release|Any CPU
		{04CC3A63-7ECA-4759-B638-10B472E6FAAC}.Release|x86.ActiveCfg = Release|Any CPU
		{04CC3A63-7ECA-4759-B638-10B472E6FAAC}.Release|x86.Build.0 = Release|Any CPU
		{7170E2FC-B0C7-4EF5-9D74-DCC24131F00C}.Debug|Any CPU.ActiveCfg = Debug|Any CPU
		{7170E2FC-B0C7-4EF5-9D74-DCC24131F00C}.Debug|Any CPU.Build.0 = Debug|Any CPU
		{7170E2FC-B0C7-4EF5-9D74-DCC24131F00C}.Debug|x64.ActiveCfg = Debug|Any CPU
		{7170E2FC-B0C7-4EF5-9D74-DCC24131F00C}.Debug|x64.Build.0 = Debug|Any CPU
		{7170E2FC-B0C7-4EF5-9D74-DCC24131F00C}.Debug|x86.ActiveCfg = Debug|Any CPU
		{7170E2FC-B0C7-4EF5-9D74-DCC24131F00C}.Debug|x86.Build.0 = Debug|Any CPU
		{7170E2FC-B0C7-4EF5-9D74-DCC24131F00C}.Release|Any CPU.ActiveCfg = Release|Any CPU
		{7170E2FC-B0C7-4EF5-9D74-DCC24131F00C}.Release|Any CPU.Build.0 = Release|Any CPU
		{7170E2FC-B0C7-4EF5-9D74-DCC24131F00C}.Release|x64.ActiveCfg = Release|Any CPU
		{7170E2FC-B0C7-4EF5-9D74-DCC24131F00C}.Release|x64.Build.0 = Release|Any CPU
		{7170E2FC-B0C7-4EF5-9D74-DCC24131F00C}.Release|x86.ActiveCfg = Release|Any CPU
		{7170E2FC-B0C7-4EF5-9D74-DCC24131F00C}.Release|x86.Build.0 = Release|Any CPU
		{26C34A43-E403-4123-85D8-A6986E3E042E}.Debug|Any CPU.ActiveCfg = Debug|Any CPU
		{26C34A43-E403-4123-85D8-A6986E3E042E}.Debug|Any CPU.Build.0 = Debug|Any CPU
		{26C34A43-E403-4123-85D8-A6986E3E042E}.Debug|x64.ActiveCfg = Debug|Any CPU
		{26C34A43-E403-4123-85D8-A6986E3E042E}.Debug|x64.Build.0 = Debug|Any CPU
		{26C34A43-E403-4123-85D8-A6986E3E042E}.Debug|x86.ActiveCfg = Debug|Any CPU
		{26C34A43-E403-4123-85D8-A6986E3E042E}.Debug|x86.Build.0 = Debug|Any CPU
		{26C34A43-E403-4123-85D8-A6986E3E042E}.Release|Any CPU.ActiveCfg = Release|Any CPU
		{26C34A43-E403-4123-85D8-A6986E3E042E}.Release|Any CPU.Build.0 = Release|Any CPU
		{26C34A43-E403-4123-85D8-A6986E3E042E}.Release|x64.ActiveCfg = Release|Any CPU
		{26C34A43-E403-4123-85D8-A6986E3E042E}.Release|x64.Build.0 = Release|Any CPU
		{26C34A43-E403-4123-85D8-A6986E3E042E}.Release|x86.ActiveCfg = Release|Any CPU
		{26C34A43-E403-4123-85D8-A6986E3E042E}.Release|x86.Build.0 = Release|Any CPU
		{EF843AF4-E0DA-419F-9193-FE580568505D}.Debug|Any CPU.ActiveCfg = Debug|Any CPU
		{EF843AF4-E0DA-419F-9193-FE580568505D}.Debug|Any CPU.Build.0 = Debug|Any CPU
		{EF843AF4-E0DA-419F-9193-FE580568505D}.Debug|x64.ActiveCfg = Debug|Any CPU
		{EF843AF4-E0DA-419F-9193-FE580568505D}.Debug|x64.Build.0 = Debug|Any CPU
		{EF843AF4-E0DA-419F-9193-FE580568505D}.Debug|x86.ActiveCfg = Debug|Any CPU
		{EF843AF4-E0DA-419F-9193-FE580568505D}.Debug|x86.Build.0 = Debug|Any CPU
		{EF843AF4-E0DA-419F-9193-FE580568505D}.Release|Any CPU.ActiveCfg = Release|Any CPU
		{EF843AF4-E0DA-419F-9193-FE580568505D}.Release|Any CPU.Build.0 = Release|Any CPU
		{EF843AF4-E0DA-419F-9193-FE580568505D}.Release|x64.ActiveCfg = Release|Any CPU
		{EF843AF4-E0DA-419F-9193-FE580568505D}.Release|x64.Build.0 = Release|Any CPU
		{EF843AF4-E0DA-419F-9193-FE580568505D}.Release|x86.ActiveCfg = Release|Any CPU
		{EF843AF4-E0DA-419F-9193-FE580568505D}.Release|x86.Build.0 = Release|Any CPU
		{C4CE1284-46B4-451A-8D93-0E36F047F08B}.Debug|Any CPU.ActiveCfg = Debug|Any CPU
		{C4CE1284-46B4-451A-8D93-0E36F047F08B}.Debug|Any CPU.Build.0 = Debug|Any CPU
		{C4CE1284-46B4-451A-8D93-0E36F047F08B}.Debug|x64.ActiveCfg = Debug|Any CPU
		{C4CE1284-46B4-451A-8D93-0E36F047F08B}.Debug|x64.Build.0 = Debug|Any CPU
		{C4CE1284-46B4-451A-8D93-0E36F047F08B}.Debug|x86.ActiveCfg = Debug|Any CPU
		{C4CE1284-46B4-451A-8D93-0E36F047F08B}.Debug|x86.Build.0 = Debug|Any CPU
		{C4CE1284-46B4-451A-8D93-0E36F047F08B}.Release|Any CPU.ActiveCfg = Release|Any CPU
		{C4CE1284-46B4-451A-8D93-0E36F047F08B}.Release|Any CPU.Build.0 = Release|Any CPU
		{C4CE1284-46B4-451A-8D93-0E36F047F08B}.Release|x64.ActiveCfg = Release|Any CPU
		{C4CE1284-46B4-451A-8D93-0E36F047F08B}.Release|x64.Build.0 = Release|Any CPU
		{C4CE1284-46B4-451A-8D93-0E36F047F08B}.Release|x86.ActiveCfg = Release|Any CPU
		{C4CE1284-46B4-451A-8D93-0E36F047F08B}.Release|x86.Build.0 = Release|Any CPU
	EndGlobalSection
	GlobalSection(NestedProjects) = preSolution
		{E250271A-069F-4E66-A407-36CFEBBF5746} = {74F208CD-106C-4884-9A7F-30822F95C275}
		{7A0D09D4-9477-4C28-B8F5-850A98C2EE49} = {74F208CD-106C-4884-9A7F-30822F95C275}
		{E71E4D2B-4D84-482C-A5B9-5B53618E6B6D} = {74F208CD-106C-4884-9A7F-30822F95C275}
		{F961D0C0-FA12-4051-A7B9-E8EC6FFDAEF6} = {74F208CD-106C-4884-9A7F-30822F95C275}
		{34CCC0F0-ED84-42F9-9A07-E47B6B59FFA3} = {74F208CD-106C-4884-9A7F-30822F95C275}
		{E932A081-C573-4194-8442-CE57D6E93856} = {74F208CD-106C-4884-9A7F-30822F95C275}
		{E7398AE1-AE40-4969-8593-17BBCF6308DA} = {74F208CD-106C-4884-9A7F-30822F95C275}
		{33A03824-F0E2-430B-A317-CD3A4BC48BAA} = {74F208CD-106C-4884-9A7F-30822F95C275}
		{A9B551E2-1017-4C7D-8B67-96F8D2CEC308} = {74F208CD-106C-4884-9A7F-30822F95C275}
		{8E85B557-FFFF-4029-A2F7-9F2C6518E8F4} = {74F208CD-106C-4884-9A7F-30822F95C275}
		{04CC3A63-7ECA-4759-B638-10B472E6FAAC} = {74F208CD-106C-4884-9A7F-30822F95C275}
		{7170E2FC-B0C7-4EF5-9D74-DCC24131F00C} = {74F208CD-106C-4884-9A7F-30822F95C275}
		{26C34A43-E403-4123-85D8-A6986E3E042E} = {74F208CD-106C-4884-9A7F-30822F95C275}
		{EF843AF4-E0DA-419F-9193-FE580568505D} = {74F208CD-106C-4884-9A7F-30822F95C275}
		{C4CE1284-46B4-451A-8D93-0E36F047F08B} = {74F208CD-106C-4884-9A7F-30822F95C275}
	EndGlobalSection
EndGlobal
